
Microsoft Visual Studio Solution File, Format Version 12.00
# Visual Studio Version 16
VisualStudioVersion = 16.0.30011.22
MinimumVisualStudioVersion = 10.0.40219.1
Project("{FAE04EC0-301F-11D3-BF4B-00C04F79EFBC}") = "ProjectEuler", "ProjectEuler\ProjectEuler.csproj", "{B4D42BE1-1DEE-4A44-9F1E-A2C080C9077E}"
EndProject
Project("{FAE04EC0-301F-11D3-BF4B-00C04F79EFBC}") = "ProjectEuler.Tests", "ProjectEuler.Tests\ProjectEuler.Tests.csproj", "{B0E67F77-82DB-4F73-A42F-77ACBB3568C4}"
EndProject
Project("{2150E333-8FDC-42A3-9474-1A3956D46DE8}") = "Solution Folder", "Solution Folder", "{BE75F9BD-4D02-48F4-B6C0-79A090DC7CB7}"
	ProjectSection(SolutionItems) = preProject
		..\README.md = ..\README.md
	EndProjectSection
EndProject
Project("{FAE04EC0-301F-11D3-BF4B-00C04F79EFBC}") = "ProjectEuler.ConsoleApp", "ProjectEuler.ConsoleApp\ProjectEuler.ConsoleApp.csproj", "{50E69091-C460-4693-B9AF-1F3BB5B1C5A5}"
EndProject
Global
	GlobalSection(SolutionConfigurationPlatforms) = preSolution
		Debug|Any CPU = Debug|Any CPU
		Release|Any CPU = Release|Any CPU
	EndGlobalSection
	GlobalSection(ProjectConfigurationPlatforms) = postSolution
		{B4D42BE1-1DEE-4A44-9F1E-A2C080C9077E}.Debug|Any CPU.ActiveCfg = Debug|Any CPU
		{B4D42BE1-1DEE-4A44-9F1E-A2C080C9077E}.Debug|Any CPU.Build.0 = Debug|Any CPU
		{B4D42BE1-1DEE-4A44-9F1E-A2C080C9077E}.Release|Any CPU.ActiveCfg = Release|Any CPU
		{B4D42BE1-1DEE-4A44-9F1E-A2C080C9077E}.Release|Any CPU.Build.0 = Release|Any CPU
		{B0E67F77-82DB-4F73-A42F-77ACBB3568C4}.Debug|Any CPU.ActiveCfg = Debug|Any CPU
		{B0E67F77-82DB-4F73-A42F-77ACBB3568C4}.Debug|Any CPU.Build.0 = Debug|Any CPU
		{B0E67F77-82DB-4F73-A42F-77ACBB3568C4}.Release|Any CPU.ActiveCfg = Release|Any CPU
		{B0E67F77-82DB-4F73-A42F-77ACBB3568C4}.Release|Any CPU.Build.0 = Release|Any CPU
		{50E69091-C460-4693-B9AF-1F3BB5B1C5A5}.Debug|Any CPU.ActiveCfg = Debug|Any CPU
		{50E69091-C460-4693-B9AF-1F3BB5B1C5A5}.Debug|Any CPU.Build.0 = Debug|Any CPU
		{50E69091-C460-4693-B9AF-1F3BB5B1C5A5}.Release|Any CPU.ActiveCfg = Release|Any CPU
		{50E69091-C460-4693-B9AF-1F3BB5B1C5A5}.Release|Any CPU.Build.0 = Release|Any CPU
	EndGlobalSection
	GlobalSection(SolutionProperties) = preSolution
		HideSolutionNode = FALSE
	EndGlobalSection
	GlobalSection(ExtensibilityGlobals) = postSolution
		SolutionGuid = {28D33B10-3AE7-4D96-B233-C390CC11FCD8}
	EndGlobalSection
EndGlobal
